github.com/whoisnian/glb v1.3.5-0.20231227161055-5c8a365e11c2 h1:+YRmC/MFUuzOkXrkkVOQKMpt79WoHh8Rg+lRhms6rEQ=
github.com/whoisnian/glb v1.3.5-0.20231227161055-5c8a365e11c2/go.mod h1:zMjnzWZHfIvmwj84EteQs0YYMq1um9I1jgZnmZhibHo=
golang.org/x/sys v0.13.0 h1:Af8nKPmuFypiUBjVoU9V20FiaFXOcuZI21p0ycVYYGE=
golang.org/x/sys v0.13.0/go.mod h1:oPkhp1MJrh7nUepCBck5+mAzfO9JrbApNNgaTdGDITg=
